
Microsoft Visual Studio Solution File, Format Version 12.00
# Visual Studio Version 17
VisualStudioVersion = 17.5.33502.453
MinimumVisualStudioVersion = 10.0.40219.1
Project("{9A19103F-16F7-4668-BE54-9A1E7A4F7556}") = "StremioProjetos.BLL", "StremioProjetos.BLL\StremioProjetos.BLL.csproj", "{B3C99FB5-2766-493C-B205-4EE05A1ED037}"
EndProject
Project("{9A19103F-16F7-4668-BE54-9A1E7A4F7556}") = "StremioProjetos.DAL", "StremioProjetos.DAL\StremioProjetos.DAL.csproj", "{F47D49AD-DEAC-4568-AE9E-E17634335E03}"
EndProject
Project("{9A19103F-16F7-4668-BE54-9A1E7A4F7556}") = "StremioProjetos.MODEL", "StremioProjetos.MODEL\StremioProjetos.MODEL.csproj", "{87057549-E7B7-431F-8B08-10F1CF71A3D6}"
EndProject
Project("{9A19103F-16F7-4668-BE54-9A1E7A4F7556}") = "StremioProjetosAPPv1", "StremioProjetosAPPv1\StremioProjetosAPPv1.csproj", "{F7CC2B10-4293-4060-AB2E-9144BF0EAB3D}"
EndProject
Project("{FAE04EC0-301F-11D3-BF4B-00C04F79EFBC}") = "StremioProjetosConsole", "StremioProjetosConsole\StremioProjetosConsole.csproj", "{A6561CDA-1005-4C6A-B347-E7C5AB94361D}"
EndProject
Global
	GlobalSection(SolutionConfigurationPlatforms) = preSolution
		Debug|Any CPU = Debug|Any CPU
		Release|Any CPU = Release|Any CPU
	EndGlobalSection
	GlobalSection(ProjectConfigurationPlatforms) = postSolution
		{B3C99FB5-2766-493C-B205-4EE05A1ED037}.Debug|Any CPU.ActiveCfg = Debug|Any CPU
		{B3C99FB5-2766-493C-B205-4EE05A1ED037}.Debug|Any CPU.Build.0 = Debug|Any CPU
		{B3C99FB5-2766-493C-B205-4EE05A1ED037}.Release|Any CPU.ActiveCfg = Release|Any CPU
		{B3C99FB5-2766-493C-B205-4EE05A1ED037}.Release|Any CPU.Build.0 = Release|Any CPU
		{F47D49AD-DEAC-4568-AE9E-E17634335E03}.Debug|Any CPU.ActiveCfg = Debug|Any CPU
		{F47D49AD-DEAC-4568-AE9E-E17634335E03}.Debug|Any CPU.Build.0 = Debug|Any CPU
		{F47D49AD-DEAC-4568-AE9E-E17634335E03}.Release|Any CPU.ActiveCfg = Release|Any CPU
		{F47D49AD-DEAC-4568-AE9E-E17634335E03}.Release|Any CPU.Build.0 = Release|Any CPU
		{87057549-E7B7-431F-8B08-10F1CF71A3D6}.Debug|Any CPU.ActiveCfg = Debug|Any CPU
		{87057549-E7B7-431F-8B08-10F1CF71A3D6}.Debug|Any CPU.Build.0 = Debug|Any CPU
		{87057549-E7B7-431F-8B08-10F1CF71A3D6}.Release|Any CPU.ActiveCfg = Release|Any CPU
		{87057549-E7B7-431F-8B08-10F1CF71A3D6}.Release|Any CPU.Build.0 = Release|Any CPU
		{F7CC2B10-4293-4060-AB2E-9144BF0EAB3D}.Debug|Any CPU.ActiveCfg = Debug|Any CPU
		{F7CC2B10-4293-4060-AB2E-9144BF0EAB3D}.Debug|Any CPU.Build.0 = Debug|Any CPU
		{F7CC2B10-4293-4060-AB2E-9144BF0EAB3D}.Release|Any CPU.ActiveCfg = Release|Any CPU
		{F7CC2B10-4293-4060-AB2E-9144BF0EAB3D}.Release|Any CPU.Build.0 = Release|Any CPU
		{A6561CDA-1005-4C6A-B347-E7C5AB94361D}.Debug|Any CPU.ActiveCfg = Debug|Any CPU
		{A6561CDA-1005-4C6A-B347-E7C5AB94361D}.Debug|Any CPU.Build.0 = Debug|Any CPU
		{A6561CDA-1005-4C6A-B347-E7C5AB94361D}.Release|Any CPU.ActiveCfg = Release|Any CPU
		{A6561CDA-1005-4C6A-B347-E7C5AB94361D}.Release|Any CPU.Build.0 = Release|Any CPU
	EndGlobalSection
	GlobalSection(SolutionProperties) = preSolution
		HideSolutionNode = FALSE
	EndGlobalSection
	GlobalSection(ExtensibilityGlobals) = postSolution
		SolutionGuid = {471A8601-D3C5-4B91-8F49-2A51CC0CBE07}
	EndGlobalSection
EndGlobal
